
Microsoft Visual Studio Solution File, Format Version 12.00
# Visual Studio Version 17
VisualStudioVersion = 17.4.33403.182
MinimumVisualStudioVersion = 10.0.40219.1
Project("{FAE04EC0-301F-11D3-BF4B-00C04F79EFBC}") = "linq", "linq\linq.csproj", "{D2EA53B6-887A-42C4-921A-13490A1FA916}"
EndProject
Global
	GlobalSection(SolutionConfigurationPlatforms) = preSolution
		Debug|Any CPU = Debug|Any CPU
		Release|Any CPU = Release|Any CPU
	EndGlobalSection
	GlobalSection(ProjectConfigurationPlatforms) = postSolution
		{D2EA53B6-887A-42C4-921A-13490A1FA916}.Debug|Any CPU.ActiveCfg = Debug|Any CPU
		{D2EA53B6-887A-42C4-921A-13490A1FA916}.Debug|Any CPU.Build.0 = Debug|Any CPU
		{D2EA53B6-887A-42C4-921A-13490A1FA916}.Release|Any CPU.ActiveCfg = Release|Any CPU
		{D2EA53B6-887A-42C4-921A-13490A1FA916}.Release|Any CPU.Build.0 = Release|Any CPU
	EndGlobalSection
	GlobalSection(SolutionProperties) = preSolution
		HideSolutionNode = FALSE
	EndGlobalSection
	GlobalSection(ExtensibilityGlobals) = postSolution
		SolutionGuid = {E4F666E6-EA27-4416-A61D-FE0585487D8A}
	EndGlobalSection
EndGlobal
